
Microsoft Visual Studio Solution File, Format Version 12.00
# Visual Studio Version 17
VisualStudioVersion = 17.1.32228.430
MinimumVisualStudioVersion = 10.0.40219.1
Project("{9A19103F-16F7-4668-BE54-9A1E7A4F7556}") = "CinemaTicketWeb", "CinemaTicketWeb\CinemaTicketWeb.csproj", "{2E9BAC18-A507-475E-8E93-4ABBED66654D}"
EndProject
Project("{9A19103F-16F7-4668-BE54-9A1E7A4F7556}") = "CinemaTicket.Infrastructure", "CinemaTicket.Infrastructure\CinemaTicket.Infrastructure.csproj", "{3D86260B-3E83-4452-BD01-A1B7CBA2AFCA}"
EndProject
Project("{9A19103F-16F7-4668-BE54-9A1E7A4F7556}") = "CinemaTicket.Models", "CinemaTicket.Models\CinemaTicket.Models.csproj", "{ABC82D20-A57A-4DCA-A41F-B57644D370F9}"
EndProject
Project("{9A19103F-16F7-4668-BE54-9A1E7A4F7556}") = "CinemaTicket.Core", "CinemaTicket.Core\CinemaTicket.Core.csproj", "{9E8AA049-FEDF-4D16-9BD8-93EDE894FC97}"
EndProject
Project("{FAE04EC0-301F-11D3-BF4B-00C04F79EFBC}") = "CinemaTicket.Utility", "CinemaTicket.Utility\CinemaTicket.Utility.csproj", "{9ADCF1A8-E5F0-42B9-89CE-8BC53BD7B49F}"
EndProject
Global
	GlobalSection(SolutionConfigurationPlatforms) = preSolution
		Debug|Any CPU = Debug|Any CPU
		Release|Any CPU = Release|Any CPU
	EndGlobalSection
	GlobalSection(ProjectConfigurationPlatforms) = postSolution
		{2E9BAC18-A507-475E-8E93-4ABBED66654D}.Debug|Any CPU.ActiveCfg = Debug|Any CPU
		{2E9BAC18-A507-475E-8E93-4ABBED66654D}.Debug|Any CPU.Build.0 = Debug|Any CPU
		{2E9BAC18-A507-475E-8E93-4ABBED66654D}.Release|Any CPU.ActiveCfg = Release|Any CPU
		{2E9BAC18-A507-475E-8E93-4ABBED66654D}.Release|Any CPU.Build.0 = Release|Any CPU
		{3D86260B-3E83-4452-BD01-A1B7CBA2AFCA}.Debug|Any CPU.ActiveCfg = Debug|Any CPU
		{3D86260B-3E83-4452-BD01-A1B7CBA2AFCA}.Debug|Any CPU.Build.0 = Debug|Any CPU
		{3D86260B-3E83-4452-BD01-A1B7CBA2AFCA}.Release|Any CPU.ActiveCfg = Release|Any CPU
		{3D86260B-3E83-4452-BD01-A1B7CBA2AFCA}.Release|Any CPU.Build.0 = Release|Any CPU
		{ABC82D20-A57A-4DCA-A41F-B57644D370F9}.Debug|Any CPU.ActiveCfg = Debug|Any CPU
		{ABC82D20-A57A-4DCA-A41F-B57644D370F9}.Debug|Any CPU.Build.0 = Debug|Any CPU
		{ABC82D20-A57A-4DCA-A41F-B57644D370F9}.Release|Any CPU.ActiveCfg = Release|Any CPU
		{ABC82D20-A57A-4DCA-A41F-B57644D370F9}.Release|Any CPU.Build.0 = Release|Any CPU
		{9E8AA049-FEDF-4D16-9BD8-93EDE894FC97}.Debug|Any CPU.ActiveCfg = Debug|Any CPU
		{9E8AA049-FEDF-4D16-9BD8-93EDE894FC97}.Debug|Any CPU.Build.0 = Debug|Any CPU
		{9E8AA049-FEDF-4D16-9BD8-93EDE894FC97}.Release|Any CPU.ActiveCfg = Release|Any CPU
		{9E8AA049-FEDF-4D16-9BD8-93EDE894FC97}.Release|Any CPU.Build.0 = Release|Any CPU
		{9ADCF1A8-E5F0-42B9-89CE-8BC53BD7B49F}.Debug|Any CPU.ActiveCfg = Debug|Any CPU
		{9ADCF1A8-E5F0-42B9-89CE-8BC53BD7B49F}.Debug|Any CPU.Build.0 = Debug|Any CPU
		{9ADCF1A8-E5F0-42B9-89CE-8BC53BD7B49F}.Release|Any CPU.ActiveCfg = Release|Any CPU
		{9ADCF1A8-E5F0-42B9-89CE-8BC53BD7B49F}.Release|Any CPU.Build.0 = Release|Any CPU
	EndGlobalSection
	GlobalSection(SolutionProperties) = preSolution
		HideSolutionNode = FALSE
	EndGlobalSection
	GlobalSection(ExtensibilityGlobals) = postSolution
		SolutionGuid = {34390CB8-BAEA-4D07-BE0D-88EF6D8FC638}
	EndGlobalSection
EndGlobal
